
Microsoft Visual Studio Solution File, Format Version 12.00
# Visual Studio Version 16
VisualStudioVersion = 16.0.31729.503
MinimumVisualStudioVersion = 10.0.40219.1
Project("{FAE04EC0-301F-11D3-BF4B-00C04F79EFBC}") = "08112021", "08112021\08112021.csproj", "{A660F9A5-050C-44D1-BDC7-5839DE149368}"
EndProject
Project("{FAE04EC0-301F-11D3-BF4B-00C04F79EFBC}") = "FarmProject", "FarmProject\FarmProject.csproj", "{5B5981B6-4FE8-47BE-9227-4E083C59ED73}"
EndProject
Global
	GlobalSection(SolutionConfigurationPlatforms) = preSolution
		Debug|Any CPU = Debug|Any CPU
		Release|Any CPU = Release|Any CPU
	EndGlobalSection
	GlobalSection(ProjectConfigurationPlatforms) = postSolution
		{A660F9A5-050C-44D1-BDC7-5839DE149368}.Debug|Any CPU.ActiveCfg = Debug|Any CPU
		{A660F9A5-050C-44D1-BDC7-5839DE149368}.Debug|Any CPU.Build.0 = Debug|Any CPU
		{A660F9A5-050C-44D1-BDC7-5839DE149368}.Release|Any CPU.ActiveCfg = Release|Any CPU
		{A660F9A5-050C-44D1-BDC7-5839DE149368}.Release|Any CPU.Build.0 = Release|Any CPU
		{5B5981B6-4FE8-47BE-9227-4E083C59ED73}.Debug|Any CPU.ActiveCfg = Debug|Any CPU
		{5B5981B6-4FE8-47BE-9227-4E083C59ED73}.Debug|Any CPU.Build.0 = Debug|Any CPU
		{5B5981B6-4FE8-47BE-9227-4E083C59ED73}.Release|Any CPU.ActiveCfg = Release|Any CPU
		{5B5981B6-4FE8-47BE-9227-4E083C59ED73}.Release|Any CPU.Build.0 = Release|Any CPU
	EndGlobalSection
	GlobalSection(SolutionProperties) = preSolution
		HideSolutionNode = FALSE
	EndGlobalSection
	GlobalSection(ExtensibilityGlobals) = postSolution
		SolutionGuid = {9895FEE4-EE9E-44C0-859E-2B577C376DDE}
	EndGlobalSection
EndGlobal
